schema: '2.0'
stages:
  preprocess:
    cmd: python -m src.preprocess
    deps:
    - path: data/corrupt_files.txt
      hash: md5
      md5: 16ab091d056f3783c2d5c2e27b312d50
      size: 342
    - path: src/data.py
      hash: md5
      md5: 95d730315b6797e268b2368a8d017b32
      size: 9002
    - path: src/preprocess.py
      hash: md5
      md5: 0ec795bf3b3a309e8f64b0301bb987a0
      size: 11453
    outs:
    - path: data/processed/test.csv
      hash: md5
      md5: 59892afbe4f2ae507ab1a6bef8091675
      size: 410435
    - path: data/processed/train.csv
      hash: md5
      md5: 7c1ec11142f7eaff0fe9cf2452c85ec3
      size: 3281795
    - path: data/processed/val.csv
      hash: md5
      md5: 2c4889cf806224dca13434947cad03ba
      size: 410106
  train:
    cmd: python -m src.train --model transfer
    deps:
    - path: data/processed/test.csv
      hash: md5
      md5: 59892afbe4f2ae507ab1a6bef8091675
      size: 410435
    - path: data/processed/train.csv
      hash: md5
      md5: 7c1ec11142f7eaff0fe9cf2452c85ec3
      size: 3281795
    - path: data/processed/val.csv
      hash: md5
      md5: 2c4889cf806224dca13434947cad03ba
      size: 410106
    - path: src/model.py
      hash: md5
      md5: c0a2c2ccb255d0d08fd7472618389770
      size: 6458
    - path: src/train.py
      hash: md5
      md5: 7c306a8ba1b08d40c721e920b546db5e
      size: 17529
    outs:
    - path: models/model.h5
      hash: md5
      md5: 62f11670e85deba01022ad2a06a07f38
      size: 2988032
    - path: models/model_metadata.json
      hash: md5
      md5: a346f24a2db834040e9d3e1e4e3323ec
      size: 1533
    - path: reports/figures/accuracy_curves.png
      hash: md5
      md5: b87597c9506e4c29ec13780287206c63
      size: 50837
    - path: reports/figures/confusion_matrix.png
      hash: md5
      md5: b375686d1d22e8f9a5c3812e0f6b609b
      size: 24524
    - path: reports/figures/loss_curves.png
      hash: md5
      md5: d44cfbe1ab7f506d78dc5d0b2a49edf2
      size: 60785
    - path: reports/figures/roc_curve.png
      hash: md5
      md5: f3eb302571264e2ea4f54ff2781f69f1
      size: 35589
    - path: reports/metrics.json
      hash: md5
      md5: a01a6090fc046621c644ad511cdb22ee
      size: 304
  cross_validate:
    cmd: python -m src.cross_validate --subset 4000 --epochs 8
    deps:
    - path: data/processed/train.csv
      hash: md5
      md5: 7c1ec11142f7eaff0fe9cf2452c85ec3
      size: 3281795
    - path: data/processed/val.csv
      hash: md5
      md5: 2c4889cf806224dca13434947cad03ba
      size: 410106
    - path: src/cross_validate.py
      hash: md5
      md5: 320160fb3db83bdb63d6d5e9a1b33626
      size: 21734
    - path: src/model.py
      hash: md5
      md5: c0a2c2ccb255d0d08fd7472618389770
      size: 6458
    outs:
    - path: reports/cv_results.csv
      hash: md5
      md5: 46dc419cc5de07701677db79cc4e4570
      size: 1679
    - path: reports/figures/cv_comparison.png
      hash: md5
      md5: c94ba5cd316bdf6f9250c3554811e6c4
      size: 46881
    - path: reports/figures/cv_fold_scores.png
      hash: md5
      md5: 745ca9cba13df0938510e5aa68e05d2f
      size: 45002
