schema: '2.0'
stages:
  preprocess:
    cmd: python -m src.preprocess
    deps:
    - path: data/corrupt_files.txt
      hash: md5
      md5: 16ab091d056f3783c2d5c2e27b312d50
      size: 342
    - path: src/data.py
      hash: md5
      md5: 95d730315b6797e268b2368a8d017b32
      size: 9002
    - path: src/preprocess.py
      hash: md5
      md5: 0ec795bf3b3a309e8f64b0301bb987a0
      size: 11453
    outs:
    - path: data/processed/test.csv
      hash: md5
      md5: 59892afbe4f2ae507ab1a6bef8091675
      size: 410435
    - path: data/processed/train.csv
      hash: md5
      md5: 7c1ec11142f7eaff0fe9cf2452c85ec3
      size: 3281795
    - path: data/processed/val.csv
      hash: md5
      md5: 2c4889cf806224dca13434947cad03ba
      size: 410106
  train:
    cmd: python -m src.train --model transfer
    deps:
    - path: data/processed/test.csv
      hash: md5
      md5: 59892afbe4f2ae507ab1a6bef8091675
      size: 410435
    - path: data/processed/train.csv
      hash: md5
      md5: 7c1ec11142f7eaff0fe9cf2452c85ec3
      size: 3281795
    - path: data/processed/val.csv
      hash: md5
      md5: 2c4889cf806224dca13434947cad03ba
      size: 410106
    - path: src/model.py
      hash: md5
      md5: c0a2c2ccb255d0d08fd7472618389770
      size: 6458
    - path: src/train.py
      hash: md5
      md5: 942abc349fba2c9650621528a50ab853
      size: 18844
    outs:
    - path: models/model.h5
      hash: md5
      md5: 9ce4a6e0fd6654cbd66fd5a81c649081
      size: 9421488
    - path: models/model_metadata.json
      hash: md5
      md5: 194489961d85228b1be0468849ef03ec
      size: 2064
    - path: reports/figures/accuracy_curves.png
      hash: md5
      md5: 5543dd660f1267f9c190705496be1790
      size: 41488
    - path: reports/figures/confusion_matrix.png
      hash: md5
      md5: cf23f0b570c909ad4098dc7054766177
      size: 23057
    - path: reports/figures/loss_curves.png
      hash: md5
      md5: 3d445082ce0db71a8ab6cdab8fa99ee0
      size: 43371
    - path: reports/figures/roc_curve.png
      hash: md5
      md5: c5f44409cf12f7aaac444a3490641541
      size: 32997
    - path: reports/metrics.json
      hash: md5
      md5: 005836796f8d11d21eb1864e8c4a94b2
      size: 353
  cross_validate:
    cmd: python -m src.cross_validate --subset 4000 --epochs 8
    deps:
    - path: data/processed/train.csv
      hash: md5
      md5: 7c1ec11142f7eaff0fe9cf2452c85ec3
      size: 3281795
    - path: data/processed/val.csv
      hash: md5
      md5: 2c4889cf806224dca13434947cad03ba
      size: 410106
    - path: src/cross_validate.py
      hash: md5
      md5: 462e5824ffd112fc518d1c557cfe5921
      size: 22178
    - path: src/model.py
      hash: md5
      md5: c0a2c2ccb255d0d08fd7472618389770
      size: 6458
    outs:
    - path: reports/cv_results.csv
      hash: md5
      md5: 46dc419cc5de07701677db79cc4e4570
      size: 1679
    - path: reports/figures/cv_comparison.png
      hash: md5
      md5: c94ba5cd316bdf6f9250c3554811e6c4
      size: 46881
    - path: reports/figures/cv_fold_scores.png
      hash: md5
      md5: 745ca9cba13df0938510e5aa68e05d2f
      size: 45002
