schema: '2.0'
stages:
  preprocess:
    cmd: python -m src.preprocess
    deps:
    - path: data/corrupt_files.txt
      hash: md5
      md5: 16ab091d056f3783c2d5c2e27b312d50
      size: 342
    - path: src/data.py
      hash: md5
      md5: 95d730315b6797e268b2368a8d017b32
      size: 9002
    - path: src/preprocess.py
      hash: md5
      md5: 0ec795bf3b3a309e8f64b0301bb987a0
      size: 11453
    outs:
    - path: data/processed/test.csv
      hash: md5
      md5: 59892afbe4f2ae507ab1a6bef8091675
      size: 410435
    - path: data/processed/train.csv
      hash: md5
      md5: 7c1ec11142f7eaff0fe9cf2452c85ec3
      size: 3281795
    - path: data/processed/val.csv
      hash: md5
      md5: 2c4889cf806224dca13434947cad03ba
      size: 410106
